
Microsoft Visual Studio Solution File, Format Version 12.00
# Visual Studio Version 16
VisualStudioVersion = 16.0.30204.135
MinimumVisualStudioVersion = 10.0.40219.1
Project("{9A19103F-16F7-4668-BE54-9A1E7A4F7556}") = "someapl", "someapl\someapl.csproj", "{BBD7150F-1E6E-4EF1-82CD-A18B5E8C24C5}"
EndProject
Project("{9A19103F-16F7-4668-BE54-9A1E7A4F7556}") = "Domain.Models", "Domain.Models\Domain.Models.csproj", "{9B82A0DB-1AA9-47E4-B780-EC3A1AB34897}"
EndProject
Project("{FAE04EC0-301F-11D3-BF4B-00C04F79EFBC}") = "Infrastructure.Database", "Infrastructure.Database\Infrastructure.Database.csproj", "{A46883F1-7CA2-4ED2-A972-997A59F09C44}"
EndProject
Global
	GlobalSection(SolutionConfigurationPlatforms) = preSolution
		Debug|Any CPU = Debug|Any CPU
		Release|Any CPU = Release|Any CPU
	EndGlobalSection
	GlobalSection(ProjectConfigurationPlatforms) = postSolution
		{BBD7150F-1E6E-4EF1-82CD-A18B5E8C24C5}.Debug|Any CPU.ActiveCfg = Debug|Any CPU
		{BBD7150F-1E6E-4EF1-82CD-A18B5E8C24C5}.Debug|Any CPU.Build.0 = Debug|Any CPU
		{BBD7150F-1E6E-4EF1-82CD-A18B5E8C24C5}.Release|Any CPU.ActiveCfg = Release|Any CPU
		{BBD7150F-1E6E-4EF1-82CD-A18B5E8C24C5}.Release|Any CPU.Build.0 = Release|Any CPU
		{9B82A0DB-1AA9-47E4-B780-EC3A1AB34897}.Debug|Any CPU.ActiveCfg = Debug|Any CPU
		{9B82A0DB-1AA9-47E4-B780-EC3A1AB34897}.Debug|Any CPU.Build.0 = Debug|Any CPU
		{9B82A0DB-1AA9-47E4-B780-EC3A1AB34897}.Release|Any CPU.ActiveCfg = Release|Any CPU
		{9B82A0DB-1AA9-47E4-B780-EC3A1AB34897}.Release|Any CPU.Build.0 = Release|Any CPU
		{A46883F1-7CA2-4ED2-A972-997A59F09C44}.Debug|Any CPU.ActiveCfg = Debug|Any CPU
		{A46883F1-7CA2-4ED2-A972-997A59F09C44}.Debug|Any CPU.Build.0 = Debug|Any CPU
		{A46883F1-7CA2-4ED2-A972-997A59F09C44}.Release|Any CPU.ActiveCfg = Release|Any CPU
		{A46883F1-7CA2-4ED2-A972-997A59F09C44}.Release|Any CPU.Build.0 = Release|Any CPU
	EndGlobalSection
	GlobalSection(SolutionProperties) = preSolution
		HideSolutionNode = FALSE
	EndGlobalSection
	GlobalSection(ExtensibilityGlobals) = postSolution
		SolutionGuid = {16433CC5-72E5-4065-A400-82E0E6CFC505}
	EndGlobalSection
EndGlobal
